
Microsoft Visual Studio Solution File, Format Version 12.00
Project("{FAE04EC0-301F-11D3-BF4B-00C04F79EFBC}") = "CSVTransformer", "CSVTransformer.csproj", "{9419905F-A053-43BC-9B93-7763F08091F9}"
EndProject
Global
	GlobalSection(SolutionConfigurationPlatforms) = preSolution
		Debug|Any CPU = Debug|Any CPU
		Release|Any CPU = Release|Any CPU
	EndGlobalSection
	GlobalSection(ProjectConfigurationPlatforms) = postSolution
		{9419905F-A053-43BC-9B93-7763F08091F9}.Debug|Any CPU.ActiveCfg = Debug|Any CPU
		{9419905F-A053-43BC-9B93-7763F08091F9}.Debug|Any CPU.Build.0 = Debug|Any CPU
		{9419905F-A053-43BC-9B93-7763F08091F9}.Release|Any CPU.ActiveCfg = Release|Any CPU
		{9419905F-A053-43BC-9B93-7763F08091F9}.Release|Any CPU.Build.0 = Release|Any CPU
	EndGlobalSection
EndGlobal
